
Microsoft Visual Studio Solution File, Format Version 10.00
# Visual Studio 2008
Project("{FAE04EC0-301F-11D3-BF4B-00C04F79EFBC}") = "ImageViewerLib", "ImageViewerLib\ImageViewerLib.csproj", "{8448FEDC-B8B8-46B5-9840-BD91E1FF5651}"
EndProject
Global
	GlobalSection(SolutionConfigurationPlatforms) = preSolution
		Debug|Any CPU = Debug|Any CPU
		Release|Any CPU = Release|Any CPU
	EndGlobalSection
	GlobalSection(ProjectConfigurationPlatforms) = postSolution
		{8448FEDC-B8B8-46B5-9840-BD91E1FF5651}.Debug|Any CPU.ActiveCfg = Debug|Any CPU
		{8448FEDC-B8B8-46B5-9840-BD91E1FF5651}.Debug|Any CPU.Build.0 = Debug|Any CPU
		{8448FEDC-B8B8-46B5-9840-BD91E1FF5651}.Release|Any CPU.ActiveCfg = Release|Any CPU
		{8448FEDC-B8B8-46B5-9840-BD91E1FF5651}.Release|Any CPU.Build.0 = Release|Any CPU
	EndGlobalSection
	GlobalSection(SolutionProperties) = preSolution
		HideSolutionNode = FALSE
	EndGlobalSection
EndGlobal
